
Microsoft Visual Studio Solution File, Format Version 12.00
# Visual Studio Version 16
VisualStudioVersion = 16.0.808.1
MinimumVisualStudioVersion = 10.0.40219.1
Project("{FAE04EC0-301F-11D3-BF4B-00C04F79EFBC}") = "Bank", "Bank\Bank.csproj", "{7C2B06D2-FED2-44B7-80A2-70CFAF263BB6}"
EndProject
Project("{FAE04EC0-301F-11D3-BF4B-00C04F79EFBC}") = "BankTests", "BankTests\BankTests.csproj", "{77EB48C6-B31E-4662-A1C0-A46D0BF4870C}"
EndProject
Global
	GlobalSection(SolutionConfigurationPlatforms) = preSolution
		Debug|Any CPU = Debug|Any CPU
		Release|Any CPU = Release|Any CPU
	EndGlobalSection
	GlobalSection(ProjectConfigurationPlatforms) = postSolution
		{7C2B06D2-FED2-44B7-80A2-70CFAF263BB6}.Debug|Any CPU.ActiveCfg = Debug|Any CPU
		{7C2B06D2-FED2-44B7-80A2-70CFAF263BB6}.Debug|Any CPU.Build.0 = Debug|Any CPU
		{7C2B06D2-FED2-44B7-80A2-70CFAF263BB6}.Release|Any CPU.ActiveCfg = Release|Any CPU
		{7C2B06D2-FED2-44B7-80A2-70CFAF263BB6}.Release|Any CPU.Build.0 = Release|Any CPU
		{77EB48C6-B31E-4662-A1C0-A46D0BF4870C}.Debug|Any CPU.ActiveCfg = Debug|Any CPU
		{77EB48C6-B31E-4662-A1C0-A46D0BF4870C}.Debug|Any CPU.Build.0 = Debug|Any CPU
		{77EB48C6-B31E-4662-A1C0-A46D0BF4870C}.Release|Any CPU.ActiveCfg = Release|Any CPU
		{77EB48C6-B31E-4662-A1C0-A46D0BF4870C}.Release|Any CPU.Build.0 = Release|Any CPU
	EndGlobalSection
	GlobalSection(SolutionProperties) = preSolution
		HideSolutionNode = FALSE
	EndGlobalSection
	GlobalSection(ExtensibilityGlobals) = postSolution
		SolutionGuid = {253001B5-0E59-4EF5-A781-C6F351BAA4DC}
	EndGlobalSection
EndGlobal
